# This file was autogenerated by Stack.
# You should not edit this file by hand.
# For more information, please see the documentation at:
#   https://docs.haskellstack.org/en/stable/lock_files

packages:
- completed:
    name: pdeprelude
    version: 0.2.0.0
    git: https://github.com/10Pines/pdepreludat.git
    pantry-tree:
      size: 2542
      sha256: e7f11193d43e5f65aacc57f110e9926a5ad50359b12f166f68bc6006465426e8
    commit: f75808872dd3bfaafd55ba4b7a1be6b870b918a2
  original:
    git: https://github.com/10Pines/pdepreludat.git
    commit: f75808872dd3bfaafd55ba4b7a1be6b870b918a2
snapshots:
- completed:
    size: 534126
    url: https://raw.githubusercontent.com/commercialhaskell/stackage-snapshots/master/lts/16/31.yaml
    sha256: 637fb77049b25560622a224845b7acfe81a09fdb6a96a3c75997a10b651667f6
  original: lts-16.31
